# This file is autogenerated, do not edit; changes may be undone by the next 'dep ensure'.


[[projects]]
  branch = "master"
  digest = "1:d5f7838cbfb03ce7d2f8694b563740194a4bfc6f350baf3ddd5ca54a11117296"
  name = "github.com/gotk3/gotk3"
  packages = [
    "cairo",
    "gdk",
    "glib",
    "gtk",
    "pango",
  ]
  pruneopts = "UT"
  revision = "dc58eba1cccce7802b38f6aada034a153f7d996b"

[[projects]]
  digest = "1:e5f4d2be19e2ebab13b8e4248792e1841518fd728cd73b042ee4a5630796bb37"
  name = "github.com/oschwald/geoip2-golang"
  packages = ["."]
  pruneopts = "UT"
  revision = "347ca45869a87337a71b11efe9b3043bc10df97f"
  version = "v1.3.0"

[[projects]]
  digest = "1:8186cc518f5dcea736d7725e284632937971fdf29fa2953fdfa53f631e21a799"
  name = "github.com/oschwald/maxminddb-golang"
  packages = ["."]
  pruneopts = "UT"
  revision = "2905694a1b00c5574f1418a7dbf8a22a7d247559"
  version = "v1.3.1"

[[projects]]
  branch = "master"
  digest = "1:d52ccbb025caf0a2166e0204ed934567b8d0dfdd23a09d947f1f040708888a0a"
  name = "golang.org/x/sys"
  packages = [
    "unix",
    "windows",
  ]
  pruneopts = "UT"
  revision = "fde4db37ae7ad8191b03d30d27f258b5291ae4e3"

[solve-meta]
  analyzer-name = "dep"
  analyzer-version = 1
  input-imports = [
    "github.com/gotk3/gotk3/gdk",
    "github.com/gotk3/gotk3/glib",
    "github.com/gotk3/gotk3/gtk",
    "github.com/oschwald/geoip2-golang",
  ]
  solver-name = "gps-cdcl"
  solver-version = 1
