# This file is autogenerated, do not edit; changes may be undone by the next 'dep ensure'.


[[projects]]
  branch = "master"
  digest = "1:bb740d8d1113af59a0f8819e18d3463b941fe921ba46312260f0aa5d3b7e0b51"
  name = "github.com/gotk3/gotk3"
  packages = [
    "cairo",
    "gdk",
    "glib",
    "gtk",
    "pango",
  ]
  pruneopts = "UT"
  revision = "1b4add5ab128aeef4ceacdf9238120057ed8ceb1"

[solve-meta]
  analyzer-name = "dep"
  analyzer-version = 1
  input-imports = [
    "github.com/gotk3/gotk3/gdk",
    "github.com/gotk3/gotk3/glib",
    "github.com/gotk3/gotk3/gtk",
  ]
  solver-name = "gps-cdcl"
  solver-version = 1
